{
  "name": "backend-node",
  "version": "1.0.0",
  "lockfileVersion": 1,
  "requires": true,
  "dependencies": {
    "@azure/functions": {
      "version": "1.2.3",
      "resolved": "https://registry.npmjs.org/@azure/functions/-/functions-1.2.3.tgz",
      "integrity": "sha512-dZITbYPNg6ay6ngcCOjRUh1wDhlFITS0zIkqplyH5KfKEAVPooaoaye5mUFnR+WP9WdGRjlNXyl/y2tgWKHcRg==",
      "dev": true
    },
    "@babel/runtime-corejs3": {
      "version": "7.15.4",
      "resolved": "https://registry.npmjs.org/@babel/runtime-corejs3/-/runtime-corejs3-7.15.4.tgz",
      "integrity": "sha512-lWcAqKeB624/twtTc3w6w/2o9RqJPaNBhPGK6DKLSiwuVWC7WFkypWyNg+CpZoyJH0jVzv1uMtXZ/5/lQOLtCg==",
      "requires": {
        "core-js-pure": "^3.16.0",
        "regenerator-runtime": "^0.13.4"
      }
    },
    "@types/node": {
      "version": "16.10.3",
      "resolved": "https://registry.npmjs.org/@types/node/-/node-16.10.3.tgz",
      "integrity": "sha512-ho3Ruq+fFnBrZhUYI46n/bV2GjwzSkwuT4dTf0GkuNFmnb8nq4ny2z9JEVemFi6bdEJanHLlYfy9c6FN9B9McQ=="
    },
    "@types/node-fetch": {
      "version": "2.5.12",
      "resolved": "https://registry.npmjs.org/@types/node-fetch/-/node-fetch-2.5.12.tgz",
      "integrity": "sha512-MKgC4dlq4kKNa/mYrwpKfzQMB5X3ee5U6fSprkKpToBqBmX4nFZL9cW5jl6sWn+xpRJ7ypWh2yyqqr8UUCstSw==",
      "requires": {
        "@types/node": "*",
        "form-data": "^3.0.0"
      }
    },
    "@types/qs": {
      "version": "6.9.7",
      "resolved": "https://registry.npmjs.org/@types/qs/-/qs-6.9.7.tgz",
      "integrity": "sha512-FGa1F62FT09qcrueBA6qYTrJPVDzah9a+493+o2PCXsesWHIn27G98TsSMs3WPNbZIEj4+VJf6saSFpvD+3Zsw=="
    },
    "@types/semaphore": {
      "version": "1.1.1",
      "resolved": "https://registry.npmjs.org/@types/semaphore/-/semaphore-1.1.1.tgz",
      "integrity": "sha512-jmFpMslMtBGOXY2s7x6O8vBebcj6zhkwl0Pd/viZApo1uZaPk733P8doPvaiBbCG+R7201OLOl4QP7l1mFyuyw=="
    },
    "@types/stream-chain": {
      "version": "2.0.1",
      "resolved": "https://registry.npmjs.org/@types/stream-chain/-/stream-chain-2.0.1.tgz",
      "integrity": "sha512-D+Id9XpcBpampptkegH7WMsEk6fUdf9LlCIX7UhLydILsqDin4L0QT7ryJR0oycwC7OqohIzdfcMHVZ34ezNGg==",
      "requires": {
        "@types/node": "*"
      }
    },
    "@types/stream-json": {
      "version": "1.7.1",
      "resolved": "https://registry.npmjs.org/@types/stream-json/-/stream-json-1.7.1.tgz",
      "integrity": "sha512-BNIK/ix6iJvWvoXbDVVJhw5LNG1wie/rXcUo7jw4hBqY3FhIrg0e+RMXFN5UreKclBIStl9FDEHNSDLuuQ9/MQ==",
      "requires": {
        "@types/node": "*",
        "@types/stream-chain": "*"
      }
    },
    "@types/uuid": {
      "version": "8.3.1",
      "resolved": "https://registry.npmjs.org/@types/uuid/-/uuid-8.3.1.tgz",
      "integrity": "sha512-Y2mHTRAbqfFkpjldbkHGY8JIzRN6XqYRliG8/24FcHm2D2PwW24fl5xMRTVGdrb7iMrwCaIEbLWerGIkXuFWVg=="
    },
    "@types/verror": {
      "version": "1.10.5",
      "resolved": "https://registry.npmjs.org/@types/verror/-/verror-1.10.5.tgz",
      "integrity": "sha512-9UjMCHK5GPgQRoNbqdLIAvAy0EInuiqbW0PBMtVP6B5B2HQJlvoJHM+KodPZMEjOa5VkSc+5LH7xy+cUzQdmHw=="
    },
    "abort-controller": {
      "version": "3.0.0",
      "resolved": "https://registry.npmjs.org/abort-controller/-/abort-controller-3.0.0.tgz",
      "integrity": "sha512-h8lQ8tacZYnR3vNQTgibj+tODHI5/+l06Au2Pcriv/Gmet0eaj4TwWH41sO9wnHDiQsEj19q0drzdWdeAHtweg==",
      "requires": {
        "event-target-shim": "^5.0.0"
      }
    },
    "assert-plus": {
      "version": "1.0.0",
      "resolved": "https://registry.npmjs.org/assert-plus/-/assert-plus-1.0.0.tgz",
      "integrity": "sha1-8S4PPF13sLHN2RRpQuTpbB5N1SU="
    },
    "asynckit": {
      "version": "0.4.0",
      "resolved": "https://registry.npmjs.org/asynckit/-/asynckit-0.4.0.tgz",
      "integrity": "sha1-x57Zf380y48robyXkLzDZkdLS3k="
    },
    "bluebird": {
      "version": "3.7.2",
      "resolved": "https://registry.npmjs.org/bluebird/-/bluebird-3.7.2.tgz",
      "integrity": "sha512-XpNj6GDQzdfW+r2Wnn7xiSAd7TM3jzkxGXBGTtWKuSXv1xUV+azxAm8jdWZN06QTQk+2N2XB9jRDkvbmQmcRtg=="
    },
    "call-bind": {
      "version": "1.0.2",
      "resolved": "https://registry.npmjs.org/call-bind/-/call-bind-1.0.2.tgz",
      "integrity": "sha512-7O+FbCihrB5WGbFYesctwmTKae6rOiIzmz1icreWJ+0aA7LJfuqhEso2T9ncpcFtzMQtzXf2QGGueWJGTYsqrA==",
      "requires": {
        "function-bind": "^1.1.1",
        "get-intrinsic": "^1.0.2"
      }
    },
    "camel-case": {
      "version": "3.0.0",
      "resolved": "https://registry.npmjs.org/camel-case/-/camel-case-3.0.0.tgz",
      "integrity": "sha1-yjw2iKTpzzpM2nd9xNy8cTJJz3M=",
      "requires": {
        "no-case": "^2.2.0",
        "upper-case": "^1.1.1"
      }
    },
    "change-case": {
      "version": "3.1.0",
      "resolved": "https://registry.npmjs.org/change-case/-/change-case-3.1.0.tgz",
      "integrity": "sha512-2AZp7uJZbYEzRPsFoa+ijKdvp9zsrnnt6+yFokfwEpeJm0xuJDVoxiRCAaTzyJND8GJkofo2IcKWaUZ/OECVzw==",
      "requires": {
        "camel-case": "^3.0.0",
        "constant-case": "^2.0.0",
        "dot-case": "^2.1.0",
        "header-case": "^1.0.0",
        "is-lower-case": "^1.1.0",
        "is-upper-case": "^1.1.0",
        "lower-case": "^1.1.1",
        "lower-case-first": "^1.0.0",
        "no-case": "^2.3.2",
        "param-case": "^2.1.0",
        "pascal-case": "^2.0.0",
        "path-case": "^2.1.0",
        "sentence-case": "^2.1.0",
        "snake-case": "^2.1.0",
        "swap-case": "^1.1.0",
        "title-case": "^2.1.0",
        "upper-case": "^1.1.1",
        "upper-case-first": "^1.1.0"
      }
    },
    "charenc": {
      "version": "0.0.2",
      "resolved": "https://registry.npmjs.org/charenc/-/charenc-0.0.2.tgz",
      "integrity": "sha1-wKHS86cJLgN3S/qD8UwPxXkKhmc="
    },
    "combined-stream": {
      "version": "1.0.8",
      "resolved": "https://registry.npmjs.org/combined-stream/-/combined-stream-1.0.8.tgz",
      "integrity": "sha512-FQN4MRfuJeHf7cBbBMJFXhKSDq+2kAArBlmRBvcvFE5BB1HZKXtSFASDhdlz9zOYwxh8lDdnvmMOe/+5cdoEdg==",
      "requires": {
        "delayed-stream": "~1.0.0"
      }
    },
    "constant-case": {
      "version": "2.0.0",
      "resolved": "https://registry.npmjs.org/constant-case/-/constant-case-2.0.0.tgz",
      "integrity": "sha1-QXV2TTidP6nI7NKRhu1gBSQ7akY=",
      "requires": {
        "snake-case": "^2.1.0",
        "upper-case": "^1.1.1"
      }
    },
    "core-js-pure": {
      "version": "3.18.2",
      "resolved": "https://registry.npmjs.org/core-js-pure/-/core-js-pure-3.18.2.tgz",
      "integrity": "sha512-4hMMLUlZhKJKOWbbGD1/VDUxGPEhEoN/T01k7bx271WiBKCvCfkgPzy0IeRS4PB50p6/N1q/SZL4B/TRsTE5bA=="
    },
    "core-util-is": {
      "version": "1.0.2",
      "resolved": "https://registry.npmjs.org/core-util-is/-/core-util-is-1.0.2.tgz",
      "integrity": "sha1-tf1UIgqivFq1eqtxQMlAdUUDwac="
    },
    "crypt": {
      "version": "0.0.2",
      "resolved": "https://registry.npmjs.org/crypt/-/crypt-0.0.2.tgz",
      "integrity": "sha1-iNf/fsDfuG9xPch7u0LQRNPmxBs="
    },
    "dayjs": {
      "version": "1.10.7",
      "resolved": "https://registry.npmjs.org/dayjs/-/dayjs-1.10.7.tgz",
      "integrity": "sha512-P6twpd70BcPK34K26uJ1KT3wlhpuOAPoMwJzpsIWUxHZ7wpmbdZL/hQqBDfz7hGurYSa5PhzdhDHtt319hL3ig=="
    },
    "define-properties": {
      "version": "1.1.3",
      "resolved": "https://registry.npmjs.org/define-properties/-/define-properties-1.1.3.tgz",
      "integrity": "sha512-3MqfYKj2lLzdMSf8ZIZE/V+Zuy+BgD6f164e8K2w7dgnpKArBDerGYpM46IYYcjnkdPNMjPk9A6VFB8+3SKlXQ==",
      "requires": {
        "object-keys": "^1.0.12"
      }
    },
    "delayed-stream": {
      "version": "1.0.0",
      "resolved": "https://registry.npmjs.org/delayed-stream/-/delayed-stream-1.0.0.tgz",
      "integrity": "sha1-3zrhmayt+31ECqrgsp4icrJOxhk="
    },
    "deprecate": {
      "version": "1.1.1",
      "resolved": "https://registry.npmjs.org/deprecate/-/deprecate-1.1.1.tgz",
      "integrity": "sha512-ZGDXefq1xknT292LnorMY5s8UVU08/WKdzDZCUT6t9JzsiMSP4uzUhgpqugffNVcT5WC6wMBiSQ+LFjlv3v7iQ=="
    },
    "dot-case": {
      "version": "2.1.1",
      "resolved": "https://registry.npmjs.org/dot-case/-/dot-case-2.1.1.tgz",
      "integrity": "sha1-NNzzf1Co6TwrO8qLt/uRVcfaO+4=",
      "requires": {
        "no-case": "^2.2.0"
      }
    },
    "es-abstract": {
      "version": "1.19.1",
      "resolved": "https://registry.npmjs.org/es-abstract/-/es-abstract-1.19.1.tgz",
      "integrity": "sha512-2vJ6tjA/UfqLm2MPs7jxVybLoB8i1t1Jd9R3kISld20sIxPcTbLuggQOUxeWeAvIUkduv/CfMjuh4WmiXr2v9w==",
      "requires": {
        "call-bind": "^1.0.2",
        "es-to-primitive": "^1.2.1",
        "function-bind": "^1.1.1",
        "get-intrinsic": "^1.1.1",
        "get-symbol-description": "^1.0.0",
        "has": "^1.0.3",
        "has-symbols": "^1.0.2",
        "internal-slot": "^1.0.3",
        "is-callable": "^1.2.4",
        "is-negative-zero": "^2.0.1",
        "is-regex": "^1.1.4",
        "is-shared-array-buffer": "^1.0.1",
        "is-string": "^1.0.7",
        "is-weakref": "^1.0.1",
        "object-inspect": "^1.11.0",
        "object-keys": "^1.1.1",
        "object.assign": "^4.1.2",
        "string.prototype.trimend": "^1.0.4",
        "string.prototype.trimstart": "^1.0.4",
        "unbox-primitive": "^1.0.1"
      }
    },
    "es-to-primitive": {
      "version": "1.2.1",
      "resolved": "https://registry.npmjs.org/es-to-primitive/-/es-to-primitive-1.2.1.tgz",
      "integrity": "sha512-QCOllgZJtaUo9miYBcLChTUaHNjJF3PYs1VidD7AwiEj1kYxKeQTctLAezAOH5ZKRH0g2IgPn6KwB4IT8iRpvA==",
      "requires": {
        "is-callable": "^1.1.4",
        "is-date-object": "^1.0.1",
        "is-symbol": "^1.0.2"
      }
    },
    "event-target-shim": {
      "version": "5.0.1",
      "resolved": "https://registry.npmjs.org/event-target-shim/-/event-target-shim-5.0.1.tgz",
      "integrity": "sha512-i/2XbnSz/uxRCU6+NdVJgKWDTM427+MqYbkQzD321DuCQJUqOuJKIA0IM2+W2xtYHdKOmZ4dR6fExsd4SXL+WQ=="
    },
    "extsprintf": {
      "version": "1.4.0",
      "resolved": "https://registry.npmjs.org/extsprintf/-/extsprintf-1.4.0.tgz",
      "integrity": "sha1-4mifjzVvrWLMplo6kcXfX5VRaS8="
    },
    "for-each": {
      "version": "0.3.3",
      "resolved": "https://registry.npmjs.org/for-each/-/for-each-0.3.3.tgz",
      "integrity": "sha512-jqYfLp7mo9vIyQf8ykW2v7A+2N4QjeCeI5+Dz9XraiO1ign81wjiH7Fb9vSOWvQfNtmSa4H2RoQTrrXivdUZmw==",
      "requires": {
        "is-callable": "^1.1.3"
      }
    },
    "form-data": {
      "version": "3.0.1",
      "resolved": "https://registry.npmjs.org/form-data/-/form-data-3.0.1.tgz",
      "integrity": "sha512-RHkBKtLWUVwd7SqRIvCZMEvAMoGUp0XU+seQiZejj0COz3RI3hWP4sCv3gZWWLjJTd7rGwcsF5eKZGii0r/hbg==",
      "requires": {
        "asynckit": "^0.4.0",
        "combined-stream": "^1.0.8",
        "mime-types": "^2.1.12"
      }
    },
    "function-bind": {
      "version": "1.1.1",
      "resolved": "https://registry.npmjs.org/function-bind/-/function-bind-1.1.1.tgz",
      "integrity": "sha512-yIovAzMX49sF8Yl58fSCWJ5svSLuaibPxXQJFLmBObTuCr0Mf1KiPopGM9NiFjiYBCbfaa2Fh6breQ6ANVTI0A=="
    },
    "get-intrinsic": {
      "version": "1.1.1",
      "resolved": "https://registry.npmjs.org/get-intrinsic/-/get-intrinsic-1.1.1.tgz",
      "integrity": "sha512-kWZrnVM42QCiEA2Ig1bG8zjoIMOgxWwYCEeNdwY6Tv/cOSeGpcoX4pXHfKUxNKVoArnrEr2e9srnAxxGIraS9Q==",
      "requires": {
        "function-bind": "^1.1.1",
        "has": "^1.0.3",
        "has-symbols": "^1.0.1"
      }
    },
    "get-symbol-description": {
      "version": "1.0.0",
      "resolved": "https://registry.npmjs.org/get-symbol-description/-/get-symbol-description-1.0.0.tgz",
      "integrity": "sha512-2EmdH1YvIQiZpltCNgkuiUnyukzxM/R6NDJX31Ke3BG1Nq5b0S2PhX59UKi9vZpPDQVdqn+1IcaAwnzTT5vCjw==",
      "requires": {
        "call-bind": "^1.0.2",
        "get-intrinsic": "^1.1.1"
      }
    },
    "has": {
      "version": "1.0.3",
      "resolved": "https://registry.npmjs.org/has/-/has-1.0.3.tgz",
      "integrity": "sha512-f2dvO0VU6Oej7RkWJGrehjbzMAjFp5/VKPp5tTpWIV4JHHZK1/BxbFRtf/siA2SWTe09caDmVtYYzWEIbBS4zw==",
      "requires": {
        "function-bind": "^1.1.1"
      }
    },
    "has-bigints": {
      "version": "1.0.1",
      "resolved": "https://registry.npmjs.org/has-bigints/-/has-bigints-1.0.1.tgz",
      "integrity": "sha512-LSBS2LjbNBTf6287JEbEzvJgftkF5qFkmCo9hDRpAzKhUOlJ+hx8dd4USs00SgsUNwc4617J9ki5YtEClM2ffA=="
    },
    "has-symbols": {
      "version": "1.0.2",
      "resolved": "https://registry.npmjs.org/has-symbols/-/has-symbols-1.0.2.tgz",
      "integrity": "sha512-chXa79rL/UC2KlX17jo3vRGz0azaWEx5tGqZg5pO3NUyEJVB17dMruQlzCCOfUvElghKcm5194+BCRvi2Rv/Gw=="
    },
    "has-tostringtag": {
      "version": "1.0.0",
      "resolved": "https://registry.npmjs.org/has-tostringtag/-/has-tostringtag-1.0.0.tgz",
      "integrity": "sha512-kFjcSNhnlGV1kyoGk7OXKSawH5JOb/LzUc5w9B02hOTO0dfFRjbHQKvg1d6cf3HbeUmtU9VbbV3qzZ2Teh97WQ==",
      "requires": {
        "has-symbols": "^1.0.2"
      }
    },
    "header-case": {
      "version": "1.0.1",
      "resolved": "https://registry.npmjs.org/header-case/-/header-case-1.0.1.tgz",
      "integrity": "sha1-lTWXMZfBRLCWE81l0xfvGZY70C0=",
      "requires": {
        "no-case": "^2.2.0",
        "upper-case": "^1.1.3"
      }
    },
    "inherits": {
      "version": "2.0.4",
      "resolved": "https://registry.npmjs.org/inherits/-/inherits-2.0.4.tgz",
      "integrity": "sha512-k/vGaX4/Yla3WzyMCvTQOXYeIHvqOKtnqBduzTHpzpQZzAskKMhZ2K+EnBiSM9zGSoIFeMpXKxa4dYeZIQqewQ=="
    },
    "internal-slot": {
      "version": "1.0.3",
      "resolved": "https://registry.npmjs.org/internal-slot/-/internal-slot-1.0.3.tgz",
      "integrity": "sha512-O0DB1JC/sPyZl7cIo78n5dR7eUSwwpYPiXRhTzNxZVAMUuB8vlnRFyLxdrVToks6XPLVnFfbzaVd5WLjhgg+vA==",
      "requires": {
        "get-intrinsic": "^1.1.0",
        "has": "^1.0.3",
        "side-channel": "^1.0.4"
      }
    },
    "is-bigint": {
      "version": "1.0.4",
      "resolved": "https://registry.npmjs.org/is-bigint/-/is-bigint-1.0.4.tgz",
      "integrity": "sha512-zB9CruMamjym81i2JZ3UMn54PKGsQzsJeo6xvN3HJJ4CAsQNB6iRutp2To77OfCNuoxspsIhzaPoO1zyCEhFOg==",
      "requires": {
        "has-bigints": "^1.0.1"
      }
    },
    "is-boolean-object": {
      "version": "1.1.2",
      "resolved": "https://registry.npmjs.org/is-boolean-object/-/is-boolean-object-1.1.2.tgz",
      "integrity": "sha512-gDYaKHJmnj4aWxyj6YHyXVpdQawtVLHU5cb+eztPGczf6cjuTdwve5ZIEfgXqH4e57An1D1AKf8CZ3kYrQRqYA==",
      "requires": {
        "call-bind": "^1.0.2",
        "has-tostringtag": "^1.0.0"
      }
    },
    "is-buffer": {
      "version": "1.1.6",
      "resolved": "https://registry.npmjs.org/is-buffer/-/is-buffer-1.1.6.tgz",
      "integrity": "sha512-NcdALwpXkTm5Zvvbk7owOUSvVvBKDgKP5/ewfXEznmQFfs4ZRmanOeKBTjRVjka3QFoN6XJ+9F3USqfHqTaU5w=="
    },
    "is-callable": {
      "version": "1.2.4",
      "resolved": "https://registry.npmjs.org/is-callable/-/is-callable-1.2.4.tgz",
      "integrity": "sha512-nsuwtxZfMX67Oryl9LCQ+upnC0Z0BgpwntpS89m1H/TLF0zNfzfLMV/9Wa/6MZsj0acpEjAO0KF1xT6ZdLl95w=="
    },
    "is-date-object": {
      "version": "1.0.5",
      "resolved": "https://registry.npmjs.org/is-date-object/-/is-date-object-1.0.5.tgz",
      "integrity": "sha512-9YQaSxsAiSwcvS33MBk3wTCVnWK+HhF8VZR2jRxehM16QcVOdHqPn4VPHmRK4lSr38n9JriurInLcP90xsYNfQ==",
      "requires": {
        "has-tostringtag": "^1.0.0"
      }
    },
    "is-lower-case": {
      "version": "1.1.3",
      "resolved": "https://registry.npmjs.org/is-lower-case/-/is-lower-case-1.1.3.tgz",
      "integrity": "sha1-fhR75HaNxGbbO/shzGCzHmrWk5M=",
      "requires": {
        "lower-case": "^1.1.0"
      }
    },
    "is-negative-zero": {
      "version": "2.0.1",
      "resolved": "https://registry.npmjs.org/is-negative-zero/-/is-negative-zero-2.0.1.tgz",
      "integrity": "sha512-2z6JzQvZRa9A2Y7xC6dQQm4FSTSTNWjKIYYTt4246eMTJmIo0Q+ZyOsU66X8lxK1AbB92dFeglPLrhwpeRKO6w=="
    },
    "is-number-object": {
      "version": "1.0.6",
      "resolved": "https://registry.npmjs.org/is-number-object/-/is-number-object-1.0.6.tgz",
      "integrity": "sha512-bEVOqiRcvo3zO1+G2lVMy+gkkEm9Yh7cDMRusKKu5ZJKPUYSJwICTKZrNKHA2EbSP0Tu0+6B/emsYNHZyn6K8g==",
      "requires": {
        "has-tostringtag": "^1.0.0"
      }
    },
    "is-regex": {
      "version": "1.1.4",
      "resolved": "https://registry.npmjs.org/is-regex/-/is-regex-1.1.4.tgz",
      "integrity": "sha512-kvRdxDsxZjhzUX07ZnLydzS1TU/TJlTUHHY4YLL87e37oUA49DfkLqgy+VjFocowy29cKvcSiu+kIv728jTTVg==",
      "requires": {
        "call-bind": "^1.0.2",
        "has-tostringtag": "^1.0.0"
      }
    },
    "is-shared-array-buffer": {
      "version": "1.0.1",
      "resolved": "https://registry.npmjs.org/is-shared-array-buffer/-/is-shared-array-buffer-1.0.1.tgz",
      "integrity": "sha512-IU0NmyknYZN0rChcKhRO1X8LYz5Isj/Fsqh8NJOSf+N/hCOTwy29F32Ik7a+QszE63IdvmwdTPDd6cZ5pg4cwA=="
    },
    "is-string": {
      "version": "1.0.7",
      "resolved": "https://registry.npmjs.org/is-string/-/is-string-1.0.7.tgz",
      "integrity": "sha512-tE2UXzivje6ofPW7l23cjDOMa09gb7xlAqG6jG5ej6uPV32TlWP3NKPigtaGeHNu9fohccRYvIiZMfOOnOYUtg==",
      "requires": {
        "has-tostringtag": "^1.0.0"
      }
    },
    "is-symbol": {
      "version": "1.0.4",
      "resolved": "https://registry.npmjs.org/is-symbol/-/is-symbol-1.0.4.tgz",
      "integrity": "sha512-C/CPBqKWnvdcxqIARxyOh4v1UUEOCHpgDa0WYgpKDFMszcrPcffg5uhwSgPCLD2WWxmq6isisz87tzT01tuGhg==",
      "requires": {
        "has-symbols": "^1.0.2"
      }
    },
    "is-upper-case": {
      "version": "1.1.2",
      "resolved": "https://registry.npmjs.org/is-upper-case/-/is-upper-case-1.1.2.tgz",
      "integrity": "sha1-jQsfp+eTOh5YSDYA7H2WYcuvdW8=",
      "requires": {
        "upper-case": "^1.1.0"
      }
    },
    "is-weakref": {
      "version": "1.0.1",
      "resolved": "https://registry.npmjs.org/is-weakref/-/is-weakref-1.0.1.tgz",
      "integrity": "sha512-b2jKc2pQZjaeFYWEf7ScFj+Be1I+PXmlu572Q8coTXZ+LD/QQZ7ShPMst8h16riVgyXTQwUsFEl74mDvc/3MHQ==",
      "requires": {
        "call-bind": "^1.0.0"
      }
    },
    "lower-case": {
      "version": "1.1.4",
      "resolved": "https://registry.npmjs.org/lower-case/-/lower-case-1.1.4.tgz",
      "integrity": "sha1-miyr0bno4K6ZOkv31YdcOcQujqw="
    },
    "lower-case-first": {
      "version": "1.0.2",
      "resolved": "https://registry.npmjs.org/lower-case-first/-/lower-case-first-1.0.2.tgz",
      "integrity": "sha1-5dp8JvKacHO+AtUrrJmA5ZIq36E=",
      "requires": {
        "lower-case": "^1.1.2"
      }
    },
    "md5": {
      "version": "2.3.0",
      "resolved": "https://registry.npmjs.org/md5/-/md5-2.3.0.tgz",
      "integrity": "sha512-T1GITYmFaKuO91vxyoQMFETst+O71VUPEU3ze5GNzDm0OWdP8v1ziTaAEPUr/3kLsY3Sftgz242A1SetQiDL7g==",
      "requires": {
        "charenc": "0.0.2",
        "crypt": "0.0.2",
        "is-buffer": "~1.1.6"
      }
    },
    "mime-db": {
      "version": "1.50.0",
      "resolved": "https://registry.npmjs.org/mime-db/-/mime-db-1.50.0.tgz",
      "integrity": "sha512-9tMZCDlYHqeERXEHO9f/hKfNXhre5dK2eE/krIvUjZbS2KPcqGDfNShIWS1uW9XOTKQKqK6qbeOci18rbfW77A=="
    },
    "mime-types": {
      "version": "2.1.33",
      "resolved": "https://registry.npmjs.org/mime-types/-/mime-types-2.1.33.tgz",
      "integrity": "sha512-plLElXp7pRDd0bNZHw+nMd52vRYjLwQjygaNg7ddJ2uJtTlmnTCjWuPKxVu6//AdaRuME84SvLW91sIkBqGT0g==",
      "requires": {
        "mime-db": "1.50.0"
      }
    },
    "moment": {
      "version": "2.29.1",
      "resolved": "https://registry.npmjs.org/moment/-/moment-2.29.1.tgz",
      "integrity": "sha512-kHmoybcPV8Sqy59DwNDY3Jefr64lK/by/da0ViFcuA4DH0vQg5Q6Ze5VimxkfQNSC+Mls/Kx53s7TjP1RhFEDQ=="
    },
    "no-case": {
      "version": "2.3.2",
      "resolved": "https://registry.npmjs.org/no-case/-/no-case-2.3.2.tgz",
      "integrity": "sha512-rmTZ9kz+f3rCvK2TD1Ue/oZlns7OGoIWP4fc3llxxRXlOkHKoWPPWJOfFYpITabSow43QJbRIoHQXtt10VldyQ==",
      "requires": {
        "lower-case": "^1.1.1"
      }
    },
    "node-fetch": {
      "version": "2.6.5",
      "resolved": "https://registry.npmjs.org/node-fetch/-/node-fetch-2.6.5.tgz",
      "integrity": "sha512-mmlIVHJEu5rnIxgEgez6b9GgWXbkZj5YZ7fx+2r94a2E+Uirsp6HsPTPlomfdHtpt/B0cdKviwkoaM6pyvUOpQ==",
      "requires": {
        "whatwg-url": "^5.0.0"
      }
    },
    "object-inspect": {
      "version": "1.11.0",
      "resolved": "https://registry.npmjs.org/object-inspect/-/object-inspect-1.11.0.tgz",
      "integrity": "sha512-jp7ikS6Sd3GxQfZJPyH3cjcbJF6GZPClgdV+EFygjFLQ5FmW/dRUnTd9PQ9k0JhoNDabWFbpF1yCdSWCC6gexg=="
    },
    "object-keys": {
      "version": "1.1.1",
      "resolved": "https://registry.npmjs.org/object-keys/-/object-keys-1.1.1.tgz",
      "integrity": "sha512-NuAESUOUMrlIXOfHKzD6bpPu3tYt3xvjNdRIQ+FeT0lNb4K8WR70CaDxhuNguS2XG+GjkyMwOzsN5ZktImfhLA=="
    },
    "object.assign": {
      "version": "4.1.2",
      "resolved": "https://registry.npmjs.org/object.assign/-/object.assign-4.1.2.tgz",
      "integrity": "sha512-ixT2L5THXsApyiUPYKmW+2EHpXXe5Ii3M+f4e+aJFAHao5amFRW6J0OO6c/LU8Be47utCx2GL89hxGB6XSmKuQ==",
      "requires": {
        "call-bind": "^1.0.0",
        "define-properties": "^1.1.3",
        "has-symbols": "^1.0.1",
        "object-keys": "^1.1.1"
      }
    },
    "object.entries": {
      "version": "1.1.5",
      "resolved": "https://registry.npmjs.org/object.entries/-/object.entries-1.1.5.tgz",
      "integrity": "sha512-TyxmjUoZggd4OrrU1W66FMDG6CuqJxsFvymeyXI51+vQLN67zYfZseptRge703kKQdo4uccgAKebXFcRCzk4+g==",
      "requires": {
        "call-bind": "^1.0.2",
        "define-properties": "^1.1.3",
        "es-abstract": "^1.19.1"
      }
    },
    "object.getownpropertydescriptors": {
      "version": "2.1.3",
      "resolved": "https://registry.npmjs.org/object.getownpropertydescriptors/-/object.getownpropertydescriptors-2.1.3.tgz",
      "integrity": "sha512-VdDoCwvJI4QdC6ndjpqFmoL3/+HxffFBbcJzKi5hwLLqqx3mdbedRpfZDdK0SrOSauj8X4GzBvnDZl4vTN7dOw==",
      "requires": {
        "call-bind": "^1.0.2",
        "define-properties": "^1.1.3",
        "es-abstract": "^1.19.1"
      }
    },
    "object.values": {
      "version": "1.1.5",
      "resolved": "https://registry.npmjs.org/object.values/-/object.values-1.1.5.tgz",
      "integrity": "sha512-QUZRW0ilQ3PnPpbNtgdNV1PDbEqLIiSFB3l+EnGtBQ/8SUTLj1PZwtQHABZtLgwpJZTSZhuGLOGk57Drx2IvYg==",
      "requires": {
        "call-bind": "^1.0.2",
        "define-properties": "^1.1.3",
        "es-abstract": "^1.19.1"
      }
    },
    "param-case": {
      "version": "2.1.1",
      "resolved": "https://registry.npmjs.org/param-case/-/param-case-2.1.1.tgz",
      "integrity": "sha1-35T9jPZTHs915r75oIWPvHK+Ikc=",
      "requires": {
        "no-case": "^2.2.0"
      }
    },
    "pascal-case": {
      "version": "2.0.1",
      "resolved": "https://registry.npmjs.org/pascal-case/-/pascal-case-2.0.1.tgz",
      "integrity": "sha1-LVeNNFX2YNpl7KGO+VtODekSdh4=",
      "requires": {
        "camel-case": "^3.0.0",
        "upper-case-first": "^1.1.0"
      }
    },
    "path-case": {
      "version": "2.1.1",
      "resolved": "https://registry.npmjs.org/path-case/-/path-case-2.1.1.tgz",
      "integrity": "sha1-lLgDfDctP+KQbkZbtF4l0ibo7qU=",
      "requires": {
        "no-case": "^2.2.0"
      }
    },
    "pluralize": {
      "version": "4.0.0",
      "resolved": "https://registry.npmjs.org/pluralize/-/pluralize-4.0.0.tgz",
      "integrity": "sha1-WbcIwcAZCi9pLxx2GMRGsFL9F2I="
    },
    "qs": {
      "version": "6.10.1",
      "resolved": "https://registry.npmjs.org/qs/-/qs-6.10.1.tgz",
      "integrity": "sha512-M528Hph6wsSVOBiYUnGf+K/7w0hNshs/duGsNXPUCLH5XAqjEtiPGwNONLV0tBH8NoGb0mvD5JubnUTrujKDTg==",
      "requires": {
        "side-channel": "^1.0.4"
      }
    },
    "ravendb": {
      "version": "5.0.3",
      "resolved": "https://registry.npmjs.org/ravendb/-/ravendb-5.0.3.tgz",
      "integrity": "sha512-hv1fVePc5wpK2KWt/6eQv9xcp1PtcuT7hVXmbNhWj/1tz+AcCRMKlCKkGbHE6S7Ft/l81iUGfQnEeg3aCi4PQQ==",
      "requires": {
        "@types/node-fetch": "^2.5.7",
        "@types/qs": "^6.9.5",
        "@types/semaphore": "^1.1.0",
        "@types/stream-json": "^1.5.1",
        "@types/uuid": "^8.3.0",
        "@types/verror": "^1.10.4",
        "abort-controller": "^3.0.0",
        "bluebird": "^3.7.2",
        "change-case": "^3.1.0",
        "deprecate": "^1.1.1",
        "md5": "^2.3.0",
        "moment": "^2.29.1",
        "node-fetch": "^2.6.1",
        "object.entries": "^1.1.2",
        "object.values": "^1.1.1",
        "pluralize": "^4.0.0",
        "qs": "^6.9.4",
        "readable-stream": "^3.6.0",
        "safe-memory-cache": "^2.0.0",
        "semaphore": "^1.1.0",
        "stream-json": "^1.7.1",
        "util.promisify": "^1.0.1",
        "uuid": "^8.3.1",
        "verror": "^1.10.0",
        "ws": "^7.4.0",
        "xregexp": "^4.4.0"
      }
    },
    "readable-stream": {
      "version": "3.6.0",
      "resolved": "https://registry.npmjs.org/readable-stream/-/readable-stream-3.6.0.tgz",
      "integrity": "sha512-BViHy7LKeTz4oNnkcLJ+lVSL6vpiFeX6/d3oSH8zCW7UxP2onchk+vTGB143xuFjHS3deTgkKoXXymXqymiIdA==",
      "requires": {
        "inherits": "^2.0.3",
        "string_decoder": "^1.1.1",
        "util-deprecate": "^1.0.1"
      }
    },
    "regenerator-runtime": {
      "version": "0.13.9",
      "resolved": "https://registry.npmjs.org/regenerator-runtime/-/regenerator-runtime-0.13.9.tgz",
      "integrity": "sha512-p3VT+cOEgxFsRRA9X4lkI1E+k2/CtnKtU4gcxyaCUreilL/vqI6CdZ3wxVUx3UOUg+gnUOQQcRI7BmSI656MYA=="
    },
    "safe-buffer": {
      "version": "5.2.1",
      "resolved": "https://registry.npmjs.org/safe-buffer/-/safe-buffer-5.2.1.tgz",
      "integrity": "sha512-rp3So07KcdmmKbGvgaNxQSJr7bGVSVk5S9Eq1F+ppbRo70+YeaDxkw5Dd8NPN+GD6bjnYm2VuPuCXmpuYvmCXQ=="
    },
    "safe-memory-cache": {
      "version": "2.0.0",
      "resolved": "https://registry.npmjs.org/safe-memory-cache/-/safe-memory-cache-2.0.0.tgz",
      "integrity": "sha512-49YT3x2WpAQ5gYhYpHaZdOLJwqgePkbRpPZXHHzLtRObVJXkgyoAg74jvJA6r3KCeQYw8x09o9b5bQK3LPC1BA=="
    },
    "semaphore": {
      "version": "1.1.0",
      "resolved": "https://registry.npmjs.org/semaphore/-/semaphore-1.1.0.tgz",
      "integrity": "sha512-O4OZEaNtkMd/K0i6js9SL+gqy0ZCBMgUvlSqHKi4IBdjhe7wB8pwztUk1BbZ1fmrvpwFrPbHzqd2w5pTcJH6LA=="
    },
    "sentence-case": {
      "version": "2.1.1",
      "resolved": "https://registry.npmjs.org/sentence-case/-/sentence-case-2.1.1.tgz",
      "integrity": "sha1-H24t2jnBaL+S0T+G1KkYkz9mftQ=",
      "requires": {
        "no-case": "^2.2.0",
        "upper-case-first": "^1.1.2"
      }
    },
    "side-channel": {
      "version": "1.0.4",
      "resolved": "https://registry.npmjs.org/side-channel/-/side-channel-1.0.4.tgz",
      "integrity": "sha512-q5XPytqFEIKHkGdiMIrY10mvLRvnQh42/+GoBlFW3b2LXLE2xxJpZFdm94we0BaoV3RwJyGqg5wS7epxTv0Zvw==",
      "requires": {
        "call-bind": "^1.0.0",
        "get-intrinsic": "^1.0.2",
        "object-inspect": "^1.9.0"
      }
    },
    "snake-case": {
      "version": "2.1.0",
      "resolved": "https://registry.npmjs.org/snake-case/-/snake-case-2.1.0.tgz",
      "integrity": "sha1-Qb2xtz8w7GagTU4srRt2OH1NbZ8=",
      "requires": {
        "no-case": "^2.2.0"
      }
    },
    "stream-chain": {
      "version": "2.2.4",
      "resolved": "https://registry.npmjs.org/stream-chain/-/stream-chain-2.2.4.tgz",
      "integrity": "sha512-9lsl3YM53V5N/I1C2uJtc3Kavyi3kNYN83VkKb/bMWRk7D9imiFyUPYa0PoZbLohSVOX1mYE9YsmwObZUsth6Q=="
    },
    "stream-json": {
      "version": "1.7.3",
      "resolved": "https://registry.npmjs.org/stream-json/-/stream-json-1.7.3.tgz",
      "integrity": "sha512-Y6dXn9KKWSwxOqnvHGcdZy1PK+J+7alBwHCeU3W9oRqm4ilLRA0XSPmd1tWwhg7tv9EIxJTMWh7KF15tYelKJg==",
      "requires": {
        "stream-chain": "^2.2.4"
      }
    },
    "string.prototype.trimend": {
      "version": "1.0.4",
      "resolved": "https://registry.npmjs.org/string.prototype.trimend/-/string.prototype.trimend-1.0.4.tgz",
      "integrity": "sha512-y9xCjw1P23Awk8EvTpcyL2NIr1j7wJ39f+k6lvRnSMz+mz9CGz9NYPelDk42kOz6+ql8xjfK8oYzy3jAP5QU5A==",
      "requires": {
        "call-bind": "^1.0.2",
        "define-properties": "^1.1.3"
      }
    },
    "string.prototype.trimstart": {
      "version": "1.0.4",
      "resolved": "https://registry.npmjs.org/string.prototype.trimstart/-/string.prototype.trimstart-1.0.4.tgz",
      "integrity": "sha512-jh6e984OBfvxS50tdY2nRZnoC5/mLFKOREQfw8t5yytkoUsJRNxvI/E39qu1sD0OtWI3OC0XgKSmcWwziwYuZw==",
      "requires": {
        "call-bind": "^1.0.2",
        "define-properties": "^1.1.3"
      }
    },
    "string_decoder": {
      "version": "1.3.0",
      "resolved": "https://registry.npmjs.org/string_decoder/-/string_decoder-1.3.0.tgz",
      "integrity": "sha512-hkRX8U1WjJFd8LsDJ2yQ/wWWxaopEsABU1XfkM8A+j0+85JAGppt16cr1Whg6KIbb4okU6Mql6BOj+uup/wKeA==",
      "requires": {
        "safe-buffer": "~5.2.0"
      }
    },
    "swap-case": {
      "version": "1.1.2",
      "resolved": "https://registry.npmjs.org/swap-case/-/swap-case-1.1.2.tgz",
      "integrity": "sha1-w5IDpFhzhfrTyFCgvRvK+ggZdOM=",
      "requires": {
        "lower-case": "^1.1.1",
        "upper-case": "^1.1.1"
      }
    },
    "title-case": {
      "version": "2.1.1",
      "resolved": "https://registry.npmjs.org/title-case/-/title-case-2.1.1.tgz",
      "integrity": "sha1-PhJyFtpY0rxb7PE3q5Ha46fNj6o=",
      "requires": {
        "no-case": "^2.2.0",
        "upper-case": "^1.0.3"
      }
    },
    "tr46": {
      "version": "0.0.3",
      "resolved": "https://registry.npmjs.org/tr46/-/tr46-0.0.3.tgz",
      "integrity": "sha1-gYT9NH2snNwYWZLzpmIuFLnZq2o="
    },
    "typescript": {
      "version": "4.4.3",
      "resolved": "https://registry.npmjs.org/typescript/-/typescript-4.4.3.tgz",
      "integrity": "sha512-4xfscpisVgqqDfPaJo5vkd+Qd/ItkoagnHpufr+i2QCHBsNYp+G7UAoyFl8aPtx879u38wPV65rZ8qbGZijalA==",
      "dev": true
    },
    "unbox-primitive": {
      "version": "1.0.1",
      "resolved": "https://registry.npmjs.org/unbox-primitive/-/unbox-primitive-1.0.1.tgz",
      "integrity": "sha512-tZU/3NqK3dA5gpE1KtyiJUrEB0lxnGkMFHptJ7q6ewdZ8s12QrODwNbhIJStmJkd1QDXa1NRA8aF2A1zk/Ypyw==",
      "requires": {
        "function-bind": "^1.1.1",
        "has-bigints": "^1.0.1",
        "has-symbols": "^1.0.2",
        "which-boxed-primitive": "^1.0.2"
      }
    },
    "upper-case": {
      "version": "1.1.3",
      "resolved": "https://registry.npmjs.org/upper-case/-/upper-case-1.1.3.tgz",
      "integrity": "sha1-9rRQHC7EzdJrp4vnIilh3ndiFZg="
    },
    "upper-case-first": {
      "version": "1.1.2",
      "resolved": "https://registry.npmjs.org/upper-case-first/-/upper-case-first-1.1.2.tgz",
      "integrity": "sha1-XXm+3P8UQZUY/S7bCgUHybaFkRU=",
      "requires": {
        "upper-case": "^1.1.1"
      }
    },
    "util-deprecate": {
      "version": "1.0.2",
      "resolved": "https://registry.npmjs.org/util-deprecate/-/util-deprecate-1.0.2.tgz",
      "integrity": "sha1-RQ1Nyfpw3nMnYvvS1KKJgUGaDM8="
    },
    "util.promisify": {
      "version": "1.1.1",
      "resolved": "https://registry.npmjs.org/util.promisify/-/util.promisify-1.1.1.tgz",
      "integrity": "sha512-/s3UsZUrIfa6xDhr7zZhnE9SLQ5RIXyYfiVnMMyMDzOc8WhWN4Nbh36H842OyurKbCDAesZOJaVyvmSl6fhGQw==",
      "requires": {
        "call-bind": "^1.0.0",
        "define-properties": "^1.1.3",
        "for-each": "^0.3.3",
        "has-symbols": "^1.0.1",
        "object.getownpropertydescriptors": "^2.1.1"
      }
    },
    "uuid": {
      "version": "8.3.2",
      "resolved": "https://registry.npmjs.org/uuid/-/uuid-8.3.2.tgz",
      "integrity": "sha512-+NYs2QeMWy+GWFOEm9xnn6HCDp0l7QBD7ml8zLUmJ+93Q5NF0NocErnwkTkXVFNiX3/fpC6afS8Dhb/gz7R7eg=="
    },
    "verror": {
      "version": "1.10.0",
      "resolved": "https://registry.npmjs.org/verror/-/verror-1.10.0.tgz",
      "integrity": "sha1-OhBcoXBTr1XW4nDB+CiGguGNpAA=",
      "requires": {
        "assert-plus": "^1.0.0",
        "core-util-is": "1.0.2",
        "extsprintf": "^1.2.0"
      }
    },
    "webidl-conversions": {
      "version": "3.0.1",
      "resolved": "https://registry.npmjs.org/webidl-conversions/-/webidl-conversions-3.0.1.tgz",
      "integrity": "sha1-JFNCdeKnvGvnvIZhHMFq4KVlSHE="
    },
    "whatwg-url": {
      "version": "5.0.0",
      "resolved": "https://registry.npmjs.org/whatwg-url/-/whatwg-url-5.0.0.tgz",
      "integrity": "sha1-lmRU6HZUYuN2RNNib2dCzotwll0=",
      "requires": {
        "tr46": "~0.0.3",
        "webidl-conversions": "^3.0.0"
      }
    },
    "which-boxed-primitive": {
      "version": "1.0.2",
      "resolved": "https://registry.npmjs.org/which-boxed-primitive/-/which-boxed-primitive-1.0.2.tgz",
      "integrity": "sha512-bwZdv0AKLpplFY2KZRX6TvyuN7ojjr7lwkg6ml0roIy9YeuSr7JS372qlNW18UQYzgYK9ziGcerWqZOmEn9VNg==",
      "requires": {
        "is-bigint": "^1.0.1",
        "is-boolean-object": "^1.1.0",
        "is-number-object": "^1.0.4",
        "is-string": "^1.0.5",
        "is-symbol": "^1.0.3"
      }
    },
    "ws": {
      "version": "7.5.5",
      "resolved": "https://registry.npmjs.org/ws/-/ws-7.5.5.tgz",
      "integrity": "sha512-BAkMFcAzl8as1G/hArkxOxq3G7pjUqQ3gzYbLL0/5zNkph70e+lCoxBGnm6AW1+/aiNeV4fnKqZ8m4GZewmH2w=="
    },
    "xregexp": {
      "version": "4.4.1",
      "resolved": "https://registry.npmjs.org/xregexp/-/xregexp-4.4.1.tgz",
      "integrity": "sha512-2u9HwfadaJaY9zHtRRnH6BY6CQVNQKkYm3oLtC9gJXXzfsbACg5X5e4EZZGVAH+YIfa+QA9lsFQTTe3HURF3ag==",
      "requires": {
        "@babel/runtime-corejs3": "^7.12.1"
      }
    }
  }
}
